// !$*UTF8*$!
{
	archiveVersion = 1;
	classes = {
	};
	objectVersion = 77;
	objects = {

/* Begin PBXBuildFile section */
		0AEED9CD2EB6AB8400D68F44 /* WhatsNewKit in Frameworks */ = {isa = PBXBuildFile; productRef = 0AEED9CC2EB6AB8400D68F44 /* WhatsNewKit */; };
		0AF2DAB22E9062D8009CD9CA /* WidgetKit.framework in Frameworks */ = {isa = PBXBuildFile; fileRef = 0AF2DAB12E9062D8009CD9CA /* WidgetKit.framework */; };
		0AF2DAB42E9062D8009CD9CA /* SwiftUI.framework in Frameworks */ = {isa = PBXBuildFile; fileRef = 0AF2DAB32E9062D8009CD9CA /* SwiftUI.framework */; };
		0AF2DAC52E9062DA009CD9CA /* OfficeTrackerWidgetExtension.appex in Embed Foundation Extensions */ = {isa = PBXBuildFile; fileRef = 0AF2DAAF2E9062D8009CD9CA /* OfficeTrackerWidgetExtension.appex */; settings = {ATTRIBUTES = (RemoveHeadersOnCopy, ); }; };
/* End PBXBuildFile section */

/* Begin PBXContainerItemProxy section */
		0A807BB22E1AF8450014A212 /* PBXContainerItemProxy */ = {
			isa = PBXContainerItemProxy;
			containerPortal = 0A807B9C2E1AF8440014A212 /* Project object */;
			proxyType = 1;
			remoteGlobalIDString = 0A807BA32E1AF8440014A212;
			remoteInfo = InOfficeDaysTracker;
		};
		0A807BBC2E1AF8450014A212 /* PBXContainerItemProxy */ = {
			isa = PBXContainerItemProxy;
			containerPortal = 0A807B9C2E1AF8440014A212 /* Project object */;
			proxyType = 1;
			remoteGlobalIDString = 0A807BA32E1AF8440014A212;
			remoteInfo = InOfficeDaysTracker;
		};
		0AF2DAC32E9062DA009CD9CA /* PBXContainerItemProxy */ = {
			isa = PBXContainerItemProxy;
			containerPortal = 0A807B9C2E1AF8440014A212 /* Project object */;
			proxyType = 1;
			remoteGlobalIDString = 0AF2DAAE2E9062D8009CD9CA;
			remoteInfo = OfficeTrackerWidgetExtension;
		};
/* End PBXContainerItemProxy section */

/* Begin PBXCopyFilesBuildPhase section */
		0AF2DAC62E9062DA009CD9CA /* Embed Foundation Extensions */ = {
			isa = PBXCopyFilesBuildPhase;
			buildActionMask = 2147483647;
			dstPath = "";
			dstSubfolderSpec = 13;
			files = (
				0AF2DAC52E9062DA009CD9CA /* OfficeTrackerWidgetExtension.appex in Embed Foundation Extensions */,
			);
			name = "Embed Foundation Extensions";
			runOnlyForDeploymentPostprocessing = 0;
		};
/* End PBXCopyFilesBuildPhase section */

/* Begin PBXFileReference section */
		0A807BA42E1AF8440014A212 /* InOfficeDaysTracker.app */ = {isa = PBXFileReference; explicitFileType = wrapper.application; includeInIndex = 0; path = InOfficeDaysTracker.app; sourceTree = BUILT_PRODUCTS_DIR; };
		0A807BB12E1AF8450014A212 /* InOfficeDaysTrackerTests.xctest */ = {isa = PBXFileReference; explicitFileType = wrapper.cfbundle; includeInIndex = 0; path = InOfficeDaysTrackerTests.xctest; sourceTree = BUILT_PRODUCTS_DIR; };
		0A807BBB2E1AF8450014A212 /* InOfficeDaysTrackerUITests.xctest */ = {isa = PBXFileReference; explicitFileType = wrapper.cfbundle; includeInIndex = 0; path = InOfficeDaysTrackerUITests.xctest; sourceTree = BUILT_PRODUCTS_DIR; };
		0AF2DAAF2E9062D8009CD9CA /* OfficeTrackerWidgetExtension.appex */ = {isa = PBXFileReference; explicitFileType = "wrapper.app-extension"; includeInIndex = 0; path = OfficeTrackerWidgetExtension.appex; sourceTree = BUILT_PRODUCTS_DIR; };
		0AF2DAB12E9062D8009CD9CA /* WidgetKit.framework */ = {isa = PBXFileReference; lastKnownFileType = wrapper.framework; name = WidgetKit.framework; path = System/Library/Frameworks/WidgetKit.framework; sourceTree = SDKROOT; };
		0AF2DAB32E9062D8009CD9CA /* SwiftUI.framework */ = {isa = PBXFileReference; lastKnownFileType = wrapper.framework; name = SwiftUI.framework; path = System/Library/Frameworks/SwiftUI.framework; sourceTree = SDKROOT; };
		0AF2DAD92E9063C2009CD9CA /* OfficeTrackerWidgetExtension.entitlements */ = {isa = PBXFileReference; lastKnownFileType = text.plist.entitlements; path = OfficeTrackerWidgetExtension.entitlements; sourceTree = "<group>"; };
/* End PBXFileReference section */

/* Begin PBXFileSystemSynchronizedBuildFileExceptionSet section */
		0A749ACD2E1B298700E3C5F7 /* Exceptions for "InOfficeDaysTracker" folder in "InOfficeDaysTracker" target */ = {
			isa = PBXFileSystemSynchronizedBuildFileExceptionSet;
			membershipExceptions = (
				Info.plist,
			);
			target = 0A807BA32E1AF8440014A212 /* InOfficeDaysTracker */;
		};
		0AF2DACA2E9062DA009CD9CA /* Exceptions for "OfficeTrackerWidget" folder in "OfficeTrackerWidgetExtension" target */ = {
			isa = PBXFileSystemSynchronizedBuildFileExceptionSet;
			membershipExceptions = (
				Info.plist,
			);
			target = 0AF2DAAE2E9062D8009CD9CA /* OfficeTrackerWidgetExtension */;
		};
		0AF2DADC2E906510009CD9CA /* Exceptions for "InOfficeDaysTracker" folder in "OfficeTrackerWidgetExtension" target */ = {
			isa = PBXFileSystemSynchronizedBuildFileExceptionSet;
			membershipExceptions = (
				Models/AppSettings.swift,
				Models/CalendarSettings.swift,
				Models/OfficeVisit.swift,
			);
			target = 0AF2DAAE2E9062D8009CD9CA /* OfficeTrackerWidgetExtension */;
		};
/* End PBXFileSystemSynchronizedBuildFileExceptionSet section */

/* Begin PBXFileSystemSynchronizedRootGroup section */
		0A807BA62E1AF8440014A212 /* InOfficeDaysTracker */ = {
			isa = PBXFileSystemSynchronizedRootGroup;
			exceptions = (
				0A749ACD2E1B298700E3C5F7 /* Exceptions for "InOfficeDaysTracker" folder in "InOfficeDaysTracker" target */,
				0AF2DADC2E906510009CD9CA /* Exceptions for "InOfficeDaysTracker" folder in "OfficeTrackerWidgetExtension" target */,
			);
			path = InOfficeDaysTracker;
			sourceTree = "<group>";
		};
		0A807BB42E1AF8450014A212 /* InOfficeDaysTrackerTests */ = {
			isa = PBXFileSystemSynchronizedRootGroup;
			path = InOfficeDaysTrackerTests;
			sourceTree = "<group>";
		};
		0A807BBE2E1AF8450014A212 /* InOfficeDaysTrackerUITests */ = {
			isa = PBXFileSystemSynchronizedRootGroup;
			path = InOfficeDaysTrackerUITests;
			sourceTree = "<group>";
		};
		0AF2DAB52E9062D8009CD9CA /* OfficeTrackerWidget */ = {
			isa = PBXFileSystemSynchronizedRootGroup;
			exceptions = (
				0AF2DACA2E9062DA009CD9CA /* Exceptions for "OfficeTrackerWidget" folder in "OfficeTrackerWidgetExtension" target */,
			);
			path = OfficeTrackerWidget;
			sourceTree = "<group>";
		};
/* End PBXFileSystemSynchronizedRootGroup section */

/* Begin PBXFrameworksBuildPhase section */
		0A807BA12E1AF8440014A212 /* Frameworks */ = {
			isa = PBXFrameworksBuildPhase;
			buildActionMask = 2147483647;
			files = (
				0AEED9CD2EB6AB8400D68F44 /* WhatsNewKit in Frameworks */,
			);
			runOnlyForDeploymentPostprocessing = 0;
		};
		0A807BAE2E1AF8450014A212 /* Frameworks */ = {
			isa = PBXFrameworksBuildPhase;
			buildActionMask = 2147483647;
			files = (
			);
			runOnlyForDeploymentPostprocessing = 0;
		};
		0A807BB82E1AF8450014A212 /* Frameworks */ = {
			isa = PBXFrameworksBuildPhase;
			buildActionMask = 2147483647;
			files = (
			);
			runOnlyForDeploymentPostprocessing = 0;
		};
		0AF2DAAC2E9062D8009CD9CA /* Frameworks */ = {
			isa = PBXFrameworksBuildPhase;
			buildActionMask = 2147483647;
			files = (
				0AF2DAB42E9062D8009CD9CA /* SwiftUI.framework in Frameworks */,
				0AF2DAB22E9062D8009CD9CA /* WidgetKit.framework in Frameworks */,
			);
			runOnlyForDeploymentPostprocessing = 0;
		};
/* End PBXFrameworksBuildPhase section */

/* Begin PBXGroup section */
		0A807B9B2E1AF8440014A212 = {
			isa = PBXGroup;
			children = (
				0AF2DAD92E9063C2009CD9CA /* OfficeTrackerWidgetExtension.entitlements */,
				0A807BA62E1AF8440014A212 /* InOfficeDaysTracker */,
				0A807BB42E1AF8450014A212 /* InOfficeDaysTrackerTests */,
				0A807BBE2E1AF8450014A212 /* InOfficeDaysTrackerUITests */,
				0AF2DAB52E9062D8009CD9CA /* OfficeTrackerWidget */,
				0AF2DAB02E9062D8009CD9CA /* Frameworks */,
				0A807BA52E1AF8440014A212 /* Products */,
			);
			sourceTree = "<group>";
		};
		0A807BA52E1AF8440014A212 /* Products */ = {
			isa = PBXGroup;
			children = (
				0A807BA42E1AF8440014A212 /* InOfficeDaysTracker.app */,
				0A807BB12E1AF8450014A212 /* InOfficeDaysTrackerTests.xctest */,
				0A807BBB2E1AF8450014A212 /* InOfficeDaysTrackerUITests.xctest */,
				0AF2DAAF2E9062D8009CD9CA /* OfficeTrackerWidgetExtension.appex */,
			);
			name = Products;
			sourceTree = "<group>";
		};
		0AF2DAB02E9062D8009CD9CA /* Frameworks */ = {
			isa = PBXGroup;
			children = (
				0AF2DAB12E9062D8009CD9CA /* WidgetKit.framework */,
				0AF2DAB32E9062D8009CD9CA /* SwiftUI.framework */,
			);
			name = Frameworks;
			sourceTree = "<group>";
		};
/* End PBXGroup section */

/* Begin PBXNativeTarget section */
		0A807BA32E1AF8440014A212 /* InOfficeDaysTracker */ = {
			isa = PBXNativeTarget;
			buildConfigurationList = 0A807BC52E1AF8450014A212 /* Build configuration list for PBXNativeTarget "InOfficeDaysTracker" */;
			buildPhases = (
				0A807BA02E1AF8440014A212 /* Sources */,
				0A807BA12E1AF8440014A212 /* Frameworks */,
				0A807BA22E1AF8440014A212 /* Resources */,
				0AF2DAC62E9062DA009CD9CA /* Embed Foundation Extensions */,
			);
			buildRules = (
			);
			dependencies = (
				0AF2DAC42E9062DA009CD9CA /* PBXTargetDependency */,
			);
			fileSystemSynchronizedGroups = (
				0A807BA62E1AF8440014A212 /* InOfficeDaysTracker */,
			);
			name = InOfficeDaysTracker;
			packageProductDependencies = (
				0AEED9CC2EB6AB8400D68F44 /* WhatsNewKit */,
			);
			productName = InOfficeDaysTracker;
			productReference = 0A807BA42E1AF8440014A212 /* InOfficeDaysTracker.app */;
			productType = "com.apple.product-type.application";
		};
		0A807BB02E1AF8450014A212 /* InOfficeDaysTrackerTests */ = {
			isa = PBXNativeTarget;
			buildConfigurationList = 0A807BC82E1AF8450014A212 /* Build configuration list for PBXNativeTarget "InOfficeDaysTrackerTests" */;
			buildPhases = (
				0A807BAD2E1AF8450014A212 /* Sources */,
				0A807BAE2E1AF8450014A212 /* Frameworks */,
				0A807BAF2E1AF8450014A212 /* Resources */,
			);
			buildRules = (
			);
			dependencies = (
				0A807BB32E1AF8450014A212 /* PBXTargetDependency */,
			);
			fileSystemSynchronizedGroups = (
				0A807BB42E1AF8450014A212 /* InOfficeDaysTrackerTests */,
			);
			name = InOfficeDaysTrackerTests;
			packageProductDependencies = (
			);
			productName = InOfficeDaysTrackerTests;
			productReference = 0A807BB12E1AF8450014A212 /* InOfficeDaysTrackerTests.xctest */;
			productType = "com.apple.product-type.bundle.unit-test";
		};
		0A807BBA2E1AF8450014A212 /* InOfficeDaysTrackerUITests */ = {
			isa = PBXNativeTarget;
			buildConfigurationList = 0A807BCB2E1AF8450014A212 /* Build configuration list for PBXNativeTarget "InOfficeDaysTrackerUITests" */;
			buildPhases = (
				0A807BB72E1AF8450014A212 /* Sources */,
				0A807BB82E1AF8450014A212 /* Frameworks */,
				0A807BB92E1AF8450014A212 /* Resources */,
			);
			buildRules = (
			);
			dependencies = (
				0A807BBD2E1AF8450014A212 /* PBXTargetDependency */,
			);
			fileSystemSynchronizedGroups = (
				0A807BBE2E1AF8450014A212 /* InOfficeDaysTrackerUITests */,
			);
			name = InOfficeDaysTrackerUITests;
			packageProductDependencies = (
			);
			productName = InOfficeDaysTrackerUITests;
			productReference = 0A807BBB2E1AF8450014A212 /* InOfficeDaysTrackerUITests.xctest */;
			productType = "com.apple.product-type.bundle.ui-testing";
		};
		0AF2DAAE2E9062D8009CD9CA /* OfficeTrackerWidgetExtension */ = {
			isa = PBXNativeTarget;
			buildConfigurationList = 0AF2DAC92E9062DA009CD9CA /* Build configuration list for PBXNativeTarget "OfficeTrackerWidgetExtension" */;
			buildPhases = (
				0AF2DAAB2E9062D8009CD9CA /* Sources */,
				0AF2DAAC2E9062D8009CD9CA /* Frameworks */,
				0AF2DAAD2E9062D8009CD9CA /* Resources */,
			);
			buildRules = (
			);
			dependencies = (
			);
			fileSystemSynchronizedGroups = (
				0AF2DAB52E9062D8009CD9CA /* OfficeTrackerWidget */,
			);
			name = OfficeTrackerWidgetExtension;
			packageProductDependencies = (
			);
			productName = OfficeTrackerWidgetExtension;
			productReference = 0AF2DAAF2E9062D8009CD9CA /* OfficeTrackerWidgetExtension.appex */;
			productType = "com.apple.product-type.app-extension";
		};
/* End PBXNativeTarget section */

/* Begin PBXProject section */
		0A807B9C2E1AF8440014A212 /* Project object */ = {
			isa = PBXProject;
			attributes = {
				BuildIndependentTargetsInParallel = 1;
				LastSwiftUpdateCheck = 1640;
				LastUpgradeCheck = 2620;
				TargetAttributes = {
					0A807BA32E1AF8440014A212 = {
						CreatedOnToolsVersion = 16.4;
					};
					0A807BB02E1AF8450014A212 = {
						CreatedOnToolsVersion = 16.4;
						TestTargetID = 0A807BA32E1AF8440014A212;
					};
					0A807BBA2E1AF8450014A212 = {
						CreatedOnToolsVersion = 16.4;
						TestTargetID = 0A807BA32E1AF8440014A212;
					};
					0AF2DAAE2E9062D8009CD9CA = {
						CreatedOnToolsVersion = 16.4;
					};
				};
			};
			buildConfigurationList = 0A807B9F2E1AF8440014A212 /* Build configuration list for PBXProject "InOfficeDaysTracker" */;
			developmentRegion = en;
			hasScannedForEncodings = 0;
			knownRegions = (
				en,
				Base,
			);
			mainGroup = 0A807B9B2E1AF8440014A212;
			minimizedProjectReferenceProxies = 1;
			packageReferences = (
				0AEED9CB2EB6AB8400D68F44 /* XCRemoteSwiftPackageReference "WhatsNewKit" */,
			);
			preferredProjectObjectVersion = 77;
			productRefGroup = 0A807BA52E1AF8440014A212 /* Products */;
			projectDirPath = "";
			projectRoot = "";
			targets = (
				0A807BA32E1AF8440014A212 /* InOfficeDaysTracker */,
				0A807BB02E1AF8450014A212 /* InOfficeDaysTrackerTests */,
				0A807BBA2E1AF8450014A212 /* InOfficeDaysTrackerUITests */,
				0AF2DAAE2E9062D8009CD9CA /* OfficeTrackerWidgetExtension */,
			);
		};
/* End PBXProject section */

/* Begin PBXResourcesBuildPhase section */
		0A807BA22E1AF8440014A212 /* Resources */ = {
			isa = PBXResourcesBuildPhase;
			buildActionMask = 2147483647;
			files = (
			);
			runOnlyForDeploymentPostprocessing = 0;
		};
		0A807BAF2E1AF8450014A212 /* Resources */ = {
			isa = PBXResourcesBuildPhase;
			buildActionMask = 2147483647;
			files = (
			);
			runOnlyForDeploymentPostprocessing = 0;
		};
		0A807BB92E1AF8450014A212 /* Resources */ = {
			isa = PBXResourcesBuildPhase;
			buildActionMask = 2147483647;
			files = (
			);
			runOnlyForDeploymentPostprocessing = 0;
		};
		0AF2DAAD2E9062D8009CD9CA /* Resources */ = {
			isa = PBXResourcesBuildPhase;
			buildActionMask = 2147483647;
			files = (
			);
			runOnlyForDeploymentPostprocessing = 0;
		};
/* End PBXResourcesBuildPhase section */

/* Begin PBXSourcesBuildPhase section */
		0A807BA02E1AF8440014A212 /* Sources */ = {
			isa = PBXSourcesBuildPhase;
			buildActionMask = 2147483647;
			files = (
			);
			runOnlyForDeploymentPostprocessing = 0;
		};
		0A807BAD2E1AF8450014A212 /* Sources */ = {
			isa = PBXSourcesBuildPhase;
			buildActionMask = 2147483647;
			files = (
			);
			runOnlyForDeploymentPostprocessing = 0;
		};
		0A807BB72E1AF8450014A212 /* Sources */ = {
			isa = PBXSourcesBuildPhase;
			buildActionMask = 2147483647;
			files = (
			);
			runOnlyForDeploymentPostprocessing = 0;
		};
		0AF2DAAB2E9062D8009CD9CA /* Sources */ = {
			isa = PBXSourcesBuildPhase;
			buildActionMask = 2147483647;
			files = (
			);
			runOnlyForDeploymentPostprocessing = 0;
		};
/* End PBXSourcesBuildPhase section */

/* Begin PBXTargetDependency section */
		0A807BB32E1AF8450014A212 /* PBXTargetDependency */ = {
			isa = PBXTargetDependency;
			target = 0A807BA32E1AF8440014A212 /* InOfficeDaysTracker */;
			targetProxy = 0A807BB22E1AF8450014A212 /* PBXContainerItemProxy */;
		};
		0A807BBD2E1AF8450014A212 /* PBXTargetDependency */ = {
			isa = PBXTargetDependency;
			target = 0A807BA32E1AF8440014A212 /* InOfficeDaysTracker */;
			targetProxy = 0A807BBC2E1AF8450014A212 /* PBXContainerItemProxy */;
		};
		0AF2DAC42E9062DA009CD9CA /* PBXTargetDependency */ = {
			isa = PBXTargetDependency;
			target = 0AF2DAAE2E9062D8009CD9CA /* OfficeTrackerWidgetExtension */;
			targetProxy = 0AF2DAC32E9062DA009CD9CA /* PBXContainerItemProxy */;
		};
/* End PBXTargetDependency section */

/* Begin XCBuildConfiguration section */
		0A807BC32E1AF8450014A212 /* Debug */ = {
			isa = XCBuildConfiguration;
			buildSettings = {
				ALWAYS_SEARCH_USER_PATHS = NO;
				ASSETCATALOG_COMPILER_GENERATE_SWIFT_ASSET_SYMBOL_EXTENSIONS = YES;
				CLANG_ANALYZER_NONNULL = YES;
				CLANG_ANALYZER_NUMBER_OBJECT_CONVERSION = YES_AGGRESSIVE;
				CLANG_CXX_LANGUAGE_STANDARD = "gnu++20";
				CLANG_ENABLE_MODULES = YES;
				CLANG_ENABLE_OBJC_ARC = YES;
				CLANG_ENABLE_OBJC_WEAK = YES;
				CLANG_WARN_BLOCK_CAPTURE_AUTORELEASING = YES;
				CLANG_WARN_BOOL_CONVERSION = YES;
				CLANG_WARN_COMMA = YES;
				CLANG_WARN_CONSTANT_CONVERSION = YES;
				CLANG_WARN_DEPRECATED_OBJC_IMPLEMENTATIONS = YES;
				CLANG_WARN_DIRECT_OBJC_ISA_USAGE = YES_ERROR;
				CLANG_WARN_DOCUMENTATION_COMMENTS = YES;
				CLANG_WARN_EMPTY_BODY = YES;
				CLANG_WARN_ENUM_CONVERSION = YES;
				CLANG_WARN_INFINITE_RECURSION = YES;
				CLANG_WARN_INT_CONVERSION = YES;
				CLANG_WARN_NON_LITERAL_NULL_CONVERSION = YES;
				CLANG_WARN_OBJC_IMPLICIT_RETAIN_SELF = YES;
				CLANG_WARN_OBJC_LITERAL_CONVERSION = YES;
				CLANG_WARN_OBJC_ROOT_CLASS = YES_ERROR;
				CLANG_WARN_QUOTED_INCLUDE_IN_FRAMEWORK_HEADER = YES;
				CLANG_WARN_RANGE_LOOP_ANALYSIS = YES;
				CLANG_WARN_STRICT_PROTOTYPES = YES;
				CLANG_WARN_SUSPICIOUS_MOVE = YES;
				CLANG_WARN_UNGUARDED_AVAILABILITY = YES_AGGRESSIVE;
				CLANG_WARN_UNREACHABLE_CODE = YES;
				CLANG_WARN__DUPLICATE_METHOD_MATCH = YES;
				COPY_PHASE_STRIP = NO;
				DEBUG_INFORMATION_FORMAT = dwarf;
				DEVELOPMENT_TEAM = 9BU6DY4VA9;
				ENABLE_STRICT_OBJC_MSGSEND = YES;
				ENABLE_TESTABILITY = YES;
				ENABLE_USER_SCRIPT_SANDBOXING = YES;
				GCC_C_LANGUAGE_STANDARD = gnu17;
				GCC_DYNAMIC_NO_PIC = NO;
				GCC_NO_COMMON_BLOCKS = YES;
				GCC_OPTIMIZATION_LEVEL = 0;
				GCC_PREPROCESSOR_DEFINITIONS = (
					"DEBUG=1",
					"$(inherited)",
				);
				GCC_WARN_64_TO_32_BIT_CONVERSION = YES;
				GCC_WARN_ABOUT_RETURN_TYPE = YES_ERROR;
				GCC_WARN_UNDECLARED_SELECTOR = YES;
				GCC_WARN_UNINITIALIZED_AUTOS = YES_AGGRESSIVE;
				GCC_WARN_UNUSED_FUNCTION = YES;
				GCC_WARN_UNUSED_VARIABLE = YES;
				INSTALL_GROUP = "";
				IPHONEOS_DEPLOYMENT_TARGET = 18.5;
				LOCALIZATION_PREFERS_STRING_CATALOGS = YES;
				MTL_ENABLE_DEBUG_INFO = INCLUDE_SOURCE;
				MTL_FAST_MATH = YES;
				ONLY_ACTIVE_ARCH = YES;
				SDKROOT = iphoneos;
				STRING_CATALOG_GENERATE_SYMBOLS = YES;
				SWIFT_ACTIVE_COMPILATION_CONDITIONS = "DEBUG $(inherited)";
				SWIFT_OPTIMIZATION_LEVEL = "-Onone";
			};
			name = Debug;
		};
		0A807BC42E1AF8450014A212 /* Release */ = {
			isa = XCBuildConfiguration;
			buildSettings = {
				ALWAYS_SEARCH_USER_PATHS = NO;
				ASSETCATALOG_COMPILER_GENERATE_SWIFT_ASSET_SYMBOL_EXTENSIONS = YES;
				CLANG_ANALYZER_NONNULL = YES;
				CLANG_ANALYZER_NUMBER_OBJECT_CONVERSION = YES_AGGRESSIVE;
				CLANG_CXX_LANGUAGE_STANDARD = "gnu++20";
				CLANG_ENABLE_MODULES = YES;
				CLANG_ENABLE_OBJC_ARC = YES;
				CLANG_ENABLE_OBJC_WEAK = YES;
				CLANG_WARN_BLOCK_CAPTURE_AUTORELEASING = YES;
				CLANG_WARN_BOOL_CONVERSION = YES;
				CLANG_WARN_COMMA = YES;
				CLANG_WARN_CONSTANT_CONVERSION = YES;
				CLANG_WARN_DEPRECATED_OBJC_IMPLEMENTATIONS = YES;
				CLANG_WARN_DIRECT_OBJC_ISA_USAGE = YES_ERROR;
				CLANG_WARN_DOCUMENTATION_COMMENTS = YES;
				CLANG_WARN_EMPTY_BODY = YES;
				CLANG_WARN_ENUM_CONVERSION = YES;
				CLANG_WARN_INFINITE_RECURSION = YES;
				CLANG_WARN_INT_CONVERSION = YES;
				CLANG_WARN_NON_LITERAL_NULL_CONVERSION = YES;
				CLANG_WARN_OBJC_IMPLICIT_RETAIN_SELF = YES;
				CLANG_WARN_OBJC_LITERAL_CONVERSION = YES;
				CLANG_WARN_OBJC_ROOT_CLASS = YES_ERROR;
				CLANG_WARN_QUOTED_INCLUDE_IN_FRAMEWORK_HEADER = YES;
				CLANG_WARN_RANGE_LOOP_ANALYSIS = YES;
				CLANG_WARN_STRICT_PROTOTYPES = YES;
				CLANG_WARN_SUSPICIOUS_MOVE = YES;
				CLANG_WARN_UNGUARDED_AVAILABILITY = YES_AGGRESSIVE;
				CLANG_WARN_UNREACHABLE_CODE = YES;
				CLANG_WARN__DUPLICATE_METHOD_MATCH = YES;
				COPY_PHASE_STRIP = NO;
				DEBUG_INFORMATION_FORMAT = "dwarf-with-dsym";
				DEVELOPMENT_TEAM = 9BU6DY4VA9;
				ENABLE_NS_ASSERTIONS = NO;
				ENABLE_STRICT_OBJC_MSGSEND = YES;
				ENABLE_USER_SCRIPT_SANDBOXING = YES;
				GCC_C_LANGUAGE_STANDARD = gnu17;
				GCC_NO_COMMON_BLOCKS = YES;
				GCC_WARN_64_TO_32_BIT_CONVERSION = YES;
				GCC_WARN_ABOUT_RETURN_TYPE = YES_ERROR;
				GCC_WARN_UNDECLARED_SELECTOR = YES;
				GCC_WARN_UNINITIALIZED_AUTOS = YES_AGGRESSIVE;
				GCC_WARN_UNUSED_FUNCTION = YES;
				GCC_WARN_UNUSED_VARIABLE = YES;
				INSTALL_GROUP = "";
				IPHONEOS_DEPLOYMENT_TARGET = 18.5;
				LOCALIZATION_PREFERS_STRING_CATALOGS = YES;
				MTL_ENABLE_DEBUG_INFO = NO;
				MTL_FAST_MATH = YES;
				SDKROOT = iphoneos;
				STRING_CATALOG_GENERATE_SYMBOLS = YES;
				SWIFT_COMPILATION_MODE = wholemodule;
				VALIDATE_PRODUCT = YES;
			};
			name = Release;
		};
		0A807BC62E1AF8450014A212 /* Debug */ = {
			isa = XCBuildConfiguration;
			buildSettings = {
				ASSETCATALOG_COMPILER_APPICON_NAME = AppIcon;
				ASSETCATALOG_COMPILER_GLOBAL_ACCENT_COLOR_NAME = AccentColor;
				CODE_SIGN_ENTITLEMENTS = InOfficeDaysTracker/InOfficeDaysTracker.entitlements;
				CODE_SIGN_STYLE = Automatic;
				CURRENT_PROJECT_VERSION = 84;
				DEVELOPMENT_TEAM = 5G586TFR2Y;
				ENABLE_PREVIEWS = YES;
				GENERATE_INFOPLIST_FILE = NO;
				INFOPLIST_FILE = InOfficeDaysTracker/Info.plist;
				INFOPLIST_KEY_CFBundleDisplayName = InOfficeDays;
				INFOPLIST_KEY_LSApplicationCategoryType = "public.app-category.lifestyle";
				INFOPLIST_KEY_NSLocationAlwaysAndWhenInUseUsageDescription = "This app needs access to your location even when not in use to automatically track your office visits in the background. This enables seamless tracking without needing to open the app.";
				INFOPLIST_KEY_NSLocationWhenInUseUsageDescription = "This app uses location services to automatically detect when you arrive at and leave your office for accurate visit tracking";
				INFOPLIST_KEY_UIApplicationSceneManifest_Generation = YES;
				INFOPLIST_KEY_UIApplicationSupportsIndirectInputEvents = YES;
				INFOPLIST_KEY_UILaunchScreen_Generation = YES;
				INFOPLIST_KEY_UISupportedInterfaceOrientations_iPad = "UIInterfaceOrientationPortrait UIInterfaceOrientationPortraitUpsideDown UIInterfaceOrientationLandscapeLeft UIInterfaceOrientationLandscapeRight";
				INFOPLIST_KEY_UISupportedInterfaceOrientations_iPhone = "UIInterfaceOrientationPortrait UIInterfaceOrientationLandscapeLeft UIInterfaceOrientationLandscapeRight";
				INSTALL_GROUP = "";
				LD_RUNPATH_SEARCH_PATHS = (
					"$(inherited)",
					"@executable_path/Frameworks",
				);
				MARKETING_VERSION = 1.10.0;
				PRODUCT_BUNDLE_IDENTIFIER = xyz.luistech.InOfficeDays;
				PRODUCT_NAME = "$(TARGET_NAME)";
				SUPPORTED_PLATFORMS = "iphoneos iphonesimulator";
				SUPPORTS_MACCATALYST = NO;
				SUPPORTS_MAC_DESIGNED_FOR_IPHONE_IPAD = NO;
				SUPPORTS_XR_DESIGNED_FOR_IPHONE_IPAD = NO;
				SWIFT_EMIT_LOC_STRINGS = YES;
				SWIFT_VERSION = 5.0;
				TARGETED_DEVICE_FAMILY = 1;
			};
			name = Debug;
		};
		0A807BC72E1AF8450014A212 /* Release */ = {
			isa = XCBuildConfiguration;
			buildSettings = {
				ASSETCATALOG_COMPILER_APPICON_NAME = AppIcon;
				ASSETCATALOG_COMPILER_GLOBAL_ACCENT_COLOR_NAME = AccentColor;
				CODE_SIGN_ENTITLEMENTS = InOfficeDaysTracker/InOfficeDaysTracker.entitlements;
				CODE_SIGN_STYLE = Automatic;
				CURRENT_PROJECT_VERSION = 84;
				DEVELOPMENT_TEAM = 5G586TFR2Y;
				ENABLE_PREVIEWS = YES;
				GENERATE_INFOPLIST_FILE = NO;
				INFOPLIST_FILE = InOfficeDaysTracker/Info.plist;
				INFOPLIST_KEY_CFBundleDisplayName = InOfficeDays;
				INFOPLIST_KEY_LSApplicationCategoryType = "public.app-category.lifestyle";
				INFOPLIST_KEY_NSLocationAlwaysAndWhenInUseUsageDescription = "This app needs access to your location even when not in use to automatically track your office visits in the background. This enables seamless tracking without needing to open the app.";
				INFOPLIST_KEY_NSLocationWhenInUseUsageDescription = "This app uses location services to automatically detect when you arrive at and leave your office for accurate visit tracking";
				INFOPLIST_KEY_UIApplicationSceneManifest_Generation = YES;
				INFOPLIST_KEY_UIApplicationSupportsIndirectInputEvents = YES;
				INFOPLIST_KEY_UILaunchScreen_Generation = YES;
				INFOPLIST_KEY_UISupportedInterfaceOrientations_iPad = "UIInterfaceOrientationPortrait UIInterfaceOrientationPortraitUpsideDown UIInterfaceOrientationLandscapeLeft UIInterfaceOrientationLandscapeRight";
				INFOPLIST_KEY_UISupportedInterfaceOrientations_iPhone = "UIInterfaceOrientationPortrait UIInterfaceOrientationLandscapeLeft UIInterfaceOrientationLandscapeRight";
				INSTALL_GROUP = "";
				LD_RUNPATH_SEARCH_PATHS = (
					"$(inherited)",
					"@executable_path/Frameworks",
				);
				MARKETING_VERSION = 1.10.0;
				PRODUCT_BUNDLE_IDENTIFIER = xyz.luistech.InOfficeDays;
				PRODUCT_NAME = "$(TARGET_NAME)";
				SUPPORTED_PLATFORMS = "iphoneos iphonesimulator";
				SUPPORTS_MACCATALYST = NO;
				SUPPORTS_MAC_DESIGNED_FOR_IPHONE_IPAD = NO;
				SUPPORTS_XR_DESIGNED_FOR_IPHONE_IPAD = NO;
				SWIFT_EMIT_LOC_STRINGS = YES;
				SWIFT_VERSION = 5.0;
				TARGETED_DEVICE_FAMILY = 1;
			};
			name = Release;
		};
		0A807BC92E1AF8450014A212 /* Debug */ = {
			isa = XCBuildConfiguration;
			buildSettings = {
				BUNDLE_LOADER = "$(TEST_HOST)";
				CODE_SIGN_STYLE = Automatic;
				CURRENT_PROJECT_VERSION = 84;
				DEVELOPMENT_TEAM = 9BU6DY4VA9;
				GENERATE_INFOPLIST_FILE = YES;
				IPHONEOS_DEPLOYMENT_TARGET = 18.5;
				MARKETING_VERSION = 1.10.0;
				PRODUCT_BUNDLE_IDENTIFIER = xyz.luistech.InOfficeDaysTrackerTests;
				PRODUCT_NAME = "$(TARGET_NAME)";
				SWIFT_EMIT_LOC_STRINGS = NO;
				SWIFT_VERSION = 5.0;
				TARGETED_DEVICE_FAMILY = "1,2";
				TEST_HOST = "$(BUILT_PRODUCTS_DIR)/InOfficeDaysTracker.app/$(BUNDLE_EXECUTABLE_FOLDER_PATH)/InOfficeDaysTracker";
			};
			name = Debug;
		};
		0A807BCA2E1AF8450014A212 /* Release */ = {
			isa = XCBuildConfiguration;
			buildSettings = {
				BUNDLE_LOADER = "$(TEST_HOST)";
				CODE_SIGN_STYLE = Automatic;
				CURRENT_PROJECT_VERSION = 84;
				DEVELOPMENT_TEAM = 9BU6DY4VA9;
				GENERATE_INFOPLIST_FILE = YES;
				IPHONEOS_DEPLOYMENT_TARGET = 18.5;
				MARKETING_VERSION = 1.10.0;
				PRODUCT_BUNDLE_IDENTIFIER = xyz.luistech.InOfficeDaysTrackerTests;
				PRODUCT_NAME = "$(TARGET_NAME)";
				SWIFT_EMIT_LOC_STRINGS = NO;
				SWIFT_VERSION = 5.0;
				TARGETED_DEVICE_FAMILY = "1,2";
				TEST_HOST = "$(BUILT_PRODUCTS_DIR)/InOfficeDaysTracker.app/$(BUNDLE_EXECUTABLE_FOLDER_PATH)/InOfficeDaysTracker";
			};
			name = Release;
		};
		0A807BCC2E1AF8450014A212 /* Debug */ = {
			isa = XCBuildConfiguration;
			buildSettings = {
				CODE_SIGN_STYLE = Automatic;
				CURRENT_PROJECT_VERSION = 84;
				DEVELOPMENT_TEAM = 9BU6DY4VA9;
				GENERATE_INFOPLIST_FILE = YES;
				MARKETING_VERSION = 1.10.0;
				PRODUCT_BUNDLE_IDENTIFIER = xyz.luistech.InOfficeDaysTrackerUITests;
				PRODUCT_NAME = "$(TARGET_NAME)";
				SWIFT_EMIT_LOC_STRINGS = NO;
				SWIFT_VERSION = 5.0;
				TARGETED_DEVICE_FAMILY = "1,2";
				TEST_TARGET_NAME = InOfficeDaysTracker;
			};
			name = Debug;
		};
		0A807BCD2E1AF8450014A212 /* Release */ = {
			isa = XCBuildConfiguration;
			buildSettings = {
				CODE_SIGN_STYLE = Automatic;
				CURRENT_PROJECT_VERSION = 84;
				DEVELOPMENT_TEAM = 9BU6DY4VA9;
				GENERATE_INFOPLIST_FILE = YES;
				MARKETING_VERSION = 1.10.0;
				PRODUCT_BUNDLE_IDENTIFIER = xyz.luistech.InOfficeDaysTrackerUITests;
				PRODUCT_NAME = "$(TARGET_NAME)";
				SWIFT_EMIT_LOC_STRINGS = NO;
				SWIFT_VERSION = 5.0;
				TARGETED_DEVICE_FAMILY = "1,2";
				TEST_TARGET_NAME = InOfficeDaysTracker;
			};
			name = Release;
		};
		0AF2DAC72E9062DA009CD9CA /* Debug */ = {
			isa = XCBuildConfiguration;
			buildSettings = {
				ASSETCATALOG_COMPILER_GLOBAL_ACCENT_COLOR_NAME = AccentColor;
				ASSETCATALOG_COMPILER_WIDGET_BACKGROUND_COLOR_NAME = WidgetBackground;
				CODE_SIGN_ENTITLEMENTS = OfficeTrackerWidgetExtension.entitlements;
				CODE_SIGN_STYLE = Automatic;
				CURRENT_PROJECT_VERSION = 84;
				DEVELOPMENT_TEAM = 5G586TFR2Y;
				GENERATE_INFOPLIST_FILE = YES;
				INFOPLIST_FILE = OfficeTrackerWidget/Info.plist;
				INFOPLIST_KEY_CFBundleDisplayName = OfficeTrackerWidget;
				INFOPLIST_KEY_NSHumanReadableCopyright = "";
				LD_RUNPATH_SEARCH_PATHS = (
					"$(inherited)",
					"@executable_path/Frameworks",
					"@executable_path/../../Frameworks",
				);
				MARKETING_VERSION = 1.10.0;
				PRODUCT_BUNDLE_IDENTIFIER = xyz.luistech.InOfficeDays.OfficeTrackerWidget;
				PRODUCT_NAME = "$(TARGET_NAME)";
				SKIP_INSTALL = YES;
				SWIFT_EMIT_LOC_STRINGS = YES;
				SWIFT_VERSION = 5.0;
				TARGETED_DEVICE_FAMILY = "1,2";
			};
			name = Debug;
		};
		0AF2DAC82E9062DA009CD9CA /* Release */ = {
			isa = XCBuildConfiguration;
			buildSettings = {
				ASSETCATALOG_COMPILER_GLOBAL_ACCENT_COLOR_NAME = AccentColor;
				ASSETCATALOG_COMPILER_WIDGET_BACKGROUND_COLOR_NAME = WidgetBackground;
				CODE_SIGN_ENTITLEMENTS = OfficeTrackerWidgetExtension.entitlements;
				CODE_SIGN_STYLE = Automatic;
				CURRENT_PROJECT_VERSION = 84;
				DEVELOPMENT_TEAM = 5G586TFR2Y;
				GENERATE_INFOPLIST_FILE = YES;
				INFOPLIST_FILE = OfficeTrackerWidget/Info.plist;
				INFOPLIST_KEY_CFBundleDisplayName = OfficeTrackerWidget;
				INFOPLIST_KEY_NSHumanReadableCopyright = "";
				LD_RUNPATH_SEARCH_PATHS = (
					"$(inherited)",
					"@executable_path/Frameworks",
					"@executable_path/../../Frameworks",
				);
				MARKETING_VERSION = 1.10.0;
				PRODUCT_BUNDLE_IDENTIFIER = xyz.luistech.InOfficeDays.OfficeTrackerWidget;
				PRODUCT_NAME = "$(TARGET_NAME)";
				SKIP_INSTALL = YES;
				SWIFT_EMIT_LOC_STRINGS = YES;
				SWIFT_VERSION = 5.0;
				TARGETED_DEVICE_FAMILY = "1,2";
			};
			name = Release;
		};
/* End XCBuildConfiguration section */

/* Begin XCConfigurationList section */
		0A807B9F2E1AF8440014A212 /* Build configuration list for PBXProject "InOfficeDaysTracker" */ = {
			isa = XCConfigurationList;
			buildConfigurations = (
				0A807BC32E1AF8450014A212 /* Debug */,
				0A807BC42E1AF8450014A212 /* Release */,
			);
			defaultConfigurationIsVisible = 0;
			defaultConfigurationName = Release;
		};
		0A807BC52E1AF8450014A212 /* Build configuration list for PBXNativeTarget "InOfficeDaysTracker" */ = {
			isa = XCConfigurationList;
			buildConfigurations = (
				0A807BC62E1AF8450014A212 /* Debug */,
				0A807BC72E1AF8450014A212 /* Release */,
			);
			defaultConfigurationIsVisible = 0;
			defaultConfigurationName = Release;
		};
		0A807BC82E1AF8450014A212 /* Build configuration list for PBXNativeTarget "InOfficeDaysTrackerTests" */ = {
			isa = XCConfigurationList;
			buildConfigurations = (
				0A807BC92E1AF8450014A212 /* Debug */,
				0A807BCA2E1AF8450014A212 /* Release */,
			);
			defaultConfigurationIsVisible = 0;
			defaultConfigurationName = Release;
		};
		0A807BCB2E1AF8450014A212 /* Build configuration list for PBXNativeTarget "InOfficeDaysTrackerUITests" */ = {
			isa = XCConfigurationList;
			buildConfigurations = (
				0A807BCC2E1AF8450014A212 /* Debug */,
				0A807BCD2E1AF8450014A212 /* Release */,
			);
			defaultConfigurationIsVisible = 0;
			defaultConfigurationName = Release;
		};
		0AF2DAC92E9062DA009CD9CA /* Build configuration list for PBXNativeTarget "OfficeTrackerWidgetExtension" */ = {
			isa = XCConfigurationList;
			buildConfigurations = (
				0AF2DAC72E9062DA009CD9CA /* Debug */,
				0AF2DAC82E9062DA009CD9CA /* Release */,
			);
			defaultConfigurationIsVisible = 0;
			defaultConfigurationName = Release;
		};
/* End XCConfigurationList section */

/* Begin XCRemoteSwiftPackageReference section */
		0AEED9CB2EB6AB8400D68F44 /* XCRemoteSwiftPackageReference "WhatsNewKit" */ = {
			isa = XCRemoteSwiftPackageReference;
			repositoryURL = "https://github.com/SvenTiigi/WhatsNewKit.git";
			requirement = {
				kind = upToNextMajorVersion;
				minimumVersion = 2.2.0;
			};
		};
/* End XCRemoteSwiftPackageReference section */

/* Begin XCSwiftPackageProductDependency section */
		0AEED9CC2EB6AB8400D68F44 /* WhatsNewKit */ = {
			isa = XCSwiftPackageProductDependency;
			package = 0AEED9CB2EB6AB8400D68F44 /* XCRemoteSwiftPackageReference "WhatsNewKit" */;
			productName = WhatsNewKit;
		};
/* End XCSwiftPackageProductDependency section */
	};
	rootObject = 0A807B9C2E1AF8440014A212 /* Project object */;
}
